
Microsoft Visual Studio Solution File, Format Version 12.00
# Visual Studio 15
VisualStudioVersion = 15.0.27703.2000
MinimumVisualStudioVersion = 10.0.40219.1
Project("{FAE04EC0-301F-11D3-BF4B-00C04F79EFBC}") = "Cfoan.Automation", "Cfoan.Automation\Cfoan.Automation.csproj", "{A59BB0B6-B22F-4C4B-B192-19795204B7A9}"
EndProject
Project("{FAE04EC0-301F-11D3-BF4B-00C04F79EFBC}") = "Examples", "Examples\Examples.csproj", "{F5FD5AF9-0519-49E3-803F-7DC9E49D2DBE}"
EndProject
Global
	GlobalSection(SolutionConfigurationPlatforms) = preSolution
		Debug|Any CPU = Debug|Any CPU
		Release|Any CPU = Release|Any CPU
	EndGlobalSection
	GlobalSection(ProjectConfigurationPlatforms) = postSolution
		{A59BB0B6-B22F-4C4B-B192-19795204B7A9}.Debug|Any CPU.ActiveCfg = Debug|Any CPU
		{A59BB0B6-B22F-4C4B-B192-19795204B7A9}.Debug|Any CPU.Build.0 = Debug|Any CPU
		{A59BB0B6-B22F-4C4B-B192-19795204B7A9}.Release|Any CPU.ActiveCfg = Release|Any CPU
		{A59BB0B6-B22F-4C4B-B192-19795204B7A9}.Release|Any CPU.Build.0 = Release|Any CPU
		{F5FD5AF9-0519-49E3-803F-7DC9E49D2DBE}.Debug|Any CPU.ActiveCfg = Debug|Any CPU
		{F5FD5AF9-0519-49E3-803F-7DC9E49D2DBE}.Debug|Any CPU.Build.0 = Debug|Any CPU
		{F5FD5AF9-0519-49E3-803F-7DC9E49D2DBE}.Release|Any CPU.ActiveCfg = Release|Any CPU
		{F5FD5AF9-0519-49E3-803F-7DC9E49D2DBE}.Release|Any CPU.Build.0 = Release|Any CPU
	EndGlobalSection
	GlobalSection(SolutionProperties) = preSolution
		HideSolutionNode = FALSE
	EndGlobalSection
	GlobalSection(ExtensibilityGlobals) = postSolution
		SolutionGuid = {5B6721A3-B16B-4CCB-930E-A475FF13BFC4}
	EndGlobalSection
EndGlobal
